// !$*UTF8*$!
{
	archiveVersion = 1;
	classes = {
	};
	objectVersion = 50;
	objects = {

/* Begin PBXBuildFile section */
		764BAD4624E6A31200C8842E /* Computer.swift in Sources */ = {isa = PBXBuildFile; fileRef = 764BAD4524E6A31200C8842E /* Computer.swift */; };
		76DB34C524E5BD2F00D8C24C /* AppDelegate.swift in Sources */ = {isa = PBXBuildFile; fileRef = 76DB34C424E5BD2F00D8C24C /* AppDelegate.swift */; };
		76DB34C724E5BD2F00D8C24C /* ContentView.swift in Sources */ = {isa = PBXBuildFile; fileRef = 76DB34C624E5BD2F00D8C24C /* ContentView.swift */; };
		76DB34C924E5BD3100D8C24C /* Assets.xcassets in Resources */ = {isa = PBXBuildFile; fileRef = 76DB34C824E5BD3100D8C24C /* Assets.xcassets */; };
		76DB34CC24E5BD3100D8C24C /* Preview Assets.xcassets in Resources */ = {isa = PBXBuildFile; fileRef = 76DB34CB24E5BD3100D8C24C /* Preview Assets.xcassets */; };
		76DB34CF24E5BD3100D8C24C /* Main.storyboard in Resources */ = {isa = PBXBuildFile; fileRef = 76DB34CD24E5BD3100D8C24C /* Main.storyboard */; };
		76DB34D824E5BE3900D8C24C /* MetalView.swift in Sources */ = {isa = PBXBuildFile; fileRef = 76DB34D724E5BE3900D8C24C /* MetalView.swift */; };
		76DB34DA24E5BE6400D8C24C /* Renderer.swift in Sources */ = {isa = PBXBuildFile; fileRef = 76DB34D924E5BE6400D8C24C /* Renderer.swift */; };
		76DB34DC24E5BE8A00D8C24C /* Types.swift in Sources */ = {isa = PBXBuildFile; fileRef = 76DB34DB24E5BE8A00D8C24C /* Types.swift */; };
		76DB34DE24E5C03100D8C24C /* Shaders.metal in Sources */ = {isa = PBXBuildFile; fileRef = 76DB34DD24E5C03100D8C24C /* Shaders.metal */; };
		76DB34E024E5C34900D8C24C /* Matrix.swift in Sources */ = {isa = PBXBuildFile; fileRef = 76DB34DF24E5C34900D8C24C /* Matrix.swift */; };
/* End PBXBuildFile section */

/* Begin PBXFileReference section */
		764BAD4524E6A31200C8842E /* Computer.swift */ = {isa = PBXFileReference; lastKnownFileType = sourcecode.swift; path = Computer.swift; sourceTree = "<group>"; };
		76DB34C124E5BD2F00D8C24C /* threeDbrot.app */ = {isa = PBXFileReference; explicitFileType = wrapper.application; includeInIndex = 0; path = threeDbrot.app; sourceTree = BUILT_PRODUCTS_DIR; };
		76DB34C424E5BD2F00D8C24C /* AppDelegate.swift */ = {isa = PBXFileReference; lastKnownFileType = sourcecode.swift; path = AppDelegate.swift; sourceTree = "<group>"; };
		76DB34C624E5BD2F00D8C24C /* ContentView.swift */ = {isa = PBXFileReference; lastKnownFileType = sourcecode.swift; path = ContentView.swift; sourceTree = "<group>"; };
		76DB34C824E5BD3100D8C24C /* Assets.xcassets */ = {isa = PBXFileReference; lastKnownFileType = folder.assetcatalog; path = Assets.xcassets; sourceTree = "<group>"; };
		76DB34CB24E5BD3100D8C24C /* Preview Assets.xcassets */ = {isa = PBXFileReference; lastKnownFileType = folder.assetcatalog; path = "Preview Assets.xcassets"; sourceTree = "<group>"; };
		76DB34CE24E5BD3100D8C24C /* Base */ = {isa = PBXFileReference; lastKnownFileType = file.storyboard; name = Base; path = Base.lproj/Main.storyboard; sourceTree = "<group>"; };
		76DB34D024E5BD3100D8C24C /* Info.plist */ = {isa = PBXFileReference; lastKnownFileType = text.plist.xml; path = Info.plist; sourceTree = "<group>"; };
		76DB34D124E5BD3100D8C24C /* threeDbrot.entitlements */ = {isa = PBXFileReference; lastKnownFileType = text.plist.entitlements; path = threeDbrot.entitlements; sourceTree = "<group>"; };
		76DB34D724E5BE3900D8C24C /* MetalView.swift */ = {isa = PBXFileReference; lastKnownFileType = sourcecode.swift; path = MetalView.swift; sourceTree = "<group>"; };
		76DB34D924E5BE6400D8C24C /* Renderer.swift */ = {isa = PBXFileReference; lastKnownFileType = sourcecode.swift; path = Renderer.swift; sourceTree = "<group>"; };
		76DB34DB24E5BE8A00D8C24C /* Types.swift */ = {isa = PBXFileReference; lastKnownFileType = sourcecode.swift; path = Types.swift; sourceTree = "<group>"; };
		76DB34DD24E5C03100D8C24C /* Shaders.metal */ = {isa = PBXFileReference; lastKnownFileType = sourcecode.metal; path = Shaders.metal; sourceTree = "<group>"; };
		76DB34DF24E5C34900D8C24C /* Matrix.swift */ = {isa = PBXFileReference; lastKnownFileType = sourcecode.swift; path = Matrix.swift; sourceTree = "<group>"; };
/* End PBXFileReference section */

/* Begin PBXFrameworksBuildPhase section */
		76DB34BE24E5BD2F00D8C24C /* Frameworks */ = {
			isa = PBXFrameworksBuildPhase;
			buildActionMask = 2147483647;
			files = (
			);
			runOnlyForDeploymentPostprocessing = 0;
		};
/* End PBXFrameworksBuildPhase section */

/* Begin PBXGroup section */
		76DB34B824E5BD2F00D8C24C = {
			isa = PBXGroup;
			children = (
				76DB34C324E5BD2F00D8C24C /* threeDbrot */,
				76DB34C224E5BD2F00D8C24C /* Products */,
			);
			sourceTree = "<group>";
		};
		76DB34C224E5BD2F00D8C24C /* Products */ = {
			isa = PBXGroup;
			children = (
				76DB34C124E5BD2F00D8C24C /* threeDbrot.app */,
			);
			name = Products;
			sourceTree = "<group>";
		};
		76DB34C324E5BD2F00D8C24C /* threeDbrot */ = {
			isa = PBXGroup;
			children = (
				76DB34C424E5BD2F00D8C24C /* AppDelegate.swift */,
				76DB34C624E5BD2F00D8C24C /* ContentView.swift */,
				76DB34C824E5BD3100D8C24C /* Assets.xcassets */,
				76DB34CD24E5BD3100D8C24C /* Main.storyboard */,
				76DB34D024E5BD3100D8C24C /* Info.plist */,
				76DB34D124E5BD3100D8C24C /* threeDbrot.entitlements */,
				76DB34CA24E5BD3100D8C24C /* Preview Content */,
				76DB34D724E5BE3900D8C24C /* MetalView.swift */,
				76DB34D924E5BE6400D8C24C /* Renderer.swift */,
				76DB34DB24E5BE8A00D8C24C /* Types.swift */,
				76DB34DD24E5C03100D8C24C /* Shaders.metal */,
				76DB34DF24E5C34900D8C24C /* Matrix.swift */,
				764BAD4524E6A31200C8842E /* Computer.swift */,
			);
			path = threeDbrot;
			sourceTree = "<group>";
		};
		76DB34CA24E5BD3100D8C24C /* Preview Content */ = {
			isa = PBXGroup;
			children = (
				76DB34CB24E5BD3100D8C24C /* Preview Assets.xcassets */,
			);
			path = "Preview Content";
			sourceTree = "<group>";
		};
/* End PBXGroup section */

/* Begin PBXNativeTarget section */
		76DB34C024E5BD2F00D8C24C /* threeDbrot */ = {
			isa = PBXNativeTarget;
			buildConfigurationList = 76DB34D424E5BD3100D8C24C /* Build configuration list for PBXNativeTarget "threeDbrot" */;
			buildPhases = (
				76DB34BD24E5BD2F00D8C24C /* Sources */,
				76DB34BE24E5BD2F00D8C24C /* Frameworks */,
				76DB34BF24E5BD2F00D8C24C /* Resources */,
			);
			buildRules = (
			);
			dependencies = (
			);
			name = threeDbrot;
			productName = threeDbrot;
			productReference = 76DB34C124E5BD2F00D8C24C /* threeDbrot.app */;
			productType = "com.apple.product-type.application";
		};
/* End PBXNativeTarget section */

/* Begin PBXProject section */
		76DB34B924E5BD2F00D8C24C /* Project object */ = {
			isa = PBXProject;
			attributes = {
				LastSwiftUpdateCheck = 1160;
				LastUpgradeCheck = 1160;
				ORGANIZATIONNAME = "Mark Elvers";
				TargetAttributes = {
					76DB34C024E5BD2F00D8C24C = {
						CreatedOnToolsVersion = 11.6;
					};
				};
			};
			buildConfigurationList = 76DB34BC24E5BD2F00D8C24C /* Build configuration list for PBXProject "threeDbrot" */;
			compatibilityVersion = "Xcode 9.3";
			developmentRegion = en;
			hasScannedForEncodings = 0;
			knownRegions = (
				en,
				Base,
			);
			mainGroup = 76DB34B824E5BD2F00D8C24C;
			productRefGroup = 76DB34C224E5BD2F00D8C24C /* Products */;
			projectDirPath = "";
			projectRoot = "";
			targets = (
				76DB34C024E5BD2F00D8C24C /* threeDbrot */,
			);
		};
/* End PBXProject section */

/* Begin PBXResourcesBuildPhase section */
		76DB34BF24E5BD2F00D8C24C /* Resources */ = {
			isa = PBXResourcesBuildPhase;
			buildActionMask = 2147483647;
			files = (
				76DB34CF24E5BD3100D8C24C /* Main.storyboard in Resources */,
				76DB34CC24E5BD3100D8C24C /* Preview Assets.xcassets in Resources */,
				76DB34C924E5BD3100D8C24C /* Assets.xcassets in Resources */,
			);
			runOnlyForDeploymentPostprocessing = 0;
		};
/* End PBXResourcesBuildPhase section */

/* Begin PBXSourcesBuildPhase section */
		76DB34BD24E5BD2F00D8C24C /* Sources */ = {
			isa = PBXSourcesBuildPhase;
			buildActionMask = 2147483647;
			files = (
				764BAD4624E6A31200C8842E /* Computer.swift in Sources */,
				76DB34E024E5C34900D8C24C /* Matrix.swift in Sources */,
				76DB34DE24E5C03100D8C24C /* Shaders.metal in Sources */,
				76DB34DA24E5BE6400D8C24C /* Renderer.swift in Sources */,
				76DB34D824E5BE3900D8C24C /* MetalView.swift in Sources */,
				76DB34C724E5BD2F00D8C24C /* ContentView.swift in Sources */,
				76DB34DC24E5BE8A00D8C24C /* Types.swift in Sources */,
				76DB34C524E5BD2F00D8C24C /* AppDelegate.swift in Sources */,
			);
			runOnlyForDeploymentPostprocessing = 0;
		};
/* End PBXSourcesBuildPhase section */

/* Begin PBXVariantGroup section */
		76DB34CD24E5BD3100D8C24C /* Main.storyboard */ = {
			isa = PBXVariantGroup;
			children = (
				76DB34CE24E5BD3100D8C24C /* Base */,
			);
			name = Main.storyboard;
			sourceTree = "<group>";
		};
/* End PBXVariantGroup section */

/* Begin XCBuildConfiguration section */
		76DB34D224E5BD3100D8C24C /* Debug */ = {
			isa = XCBuildConfiguration;
			buildSettings = {
				ALWAYS_SEARCH_USER_PATHS = NO;
				CLANG_ANALYZER_NONNULL = YES;
				CLANG_ANALYZER_NUMBER_OBJECT_CONVERSION = YES_AGGRESSIVE;
				CLANG_CXX_LANGUAGE_STANDARD = "gnu++14";
				CLANG_CXX_LIBRARY = "libc++";
				CLANG_ENABLE_MODULES = YES;
				CLANG_ENABLE_OBJC_ARC = YES;
				CLANG_ENABLE_OBJC_WEAK = YES;
				CLANG_WARN_BLOCK_CAPTURE_AUTORELEASING = YES;
				CLANG_WARN_BOOL_CONVERSION = YES;
				CLANG_WARN_COMMA = YES;
				CLANG_WARN_CONSTANT_CONVERSION = YES;
				CLANG_WARN_DEPRECATED_OBJC_IMPLEMENTATIONS = YES;
				CLANG_WARN_DIRECT_OBJC_ISA_USAGE = YES_ERROR;
				CLANG_WARN_DOCUMENTATION_COMMENTS = YES;
				CLANG_WARN_EMPTY_BODY = YES;
				CLANG_WARN_ENUM_CONVERSION = YES;
				CLANG_WARN_INFINITE_RECURSION = YES;
				CLANG_WARN_INT_CONVERSION = YES;
				CLANG_WARN_NON_LITERAL_NULL_CONVERSION = YES;
				CLANG_WARN_OBJC_IMPLICIT_RETAIN_SELF = YES;
				CLANG_WARN_OBJC_LITERAL_CONVERSION = YES;
				CLANG_WARN_OBJC_ROOT_CLASS = YES_ERROR;
				CLANG_WARN_RANGE_LOOP_ANALYSIS = YES;
				CLANG_WARN_STRICT_PROTOTYPES = YES;
				CLANG_WARN_SUSPICIOUS_MOVE = YES;
				CLANG_WARN_UNGUARDED_AVAILABILITY = YES_AGGRESSIVE;
				CLANG_WARN_UNREACHABLE_CODE = YES;
				CLANG_WARN__DUPLICATE_METHOD_MATCH = YES;
				COPY_PHASE_STRIP = NO;
				DEBUG_INFORMATION_FORMAT = dwarf;
				ENABLE_STRICT_OBJC_MSGSEND = YES;
				ENABLE_TESTABILITY = YES;
				GCC_C_LANGUAGE_STANDARD = gnu11;
				GCC_DYNAMIC_NO_PIC = NO;
				GCC_NO_COMMON_BLOCKS = YES;
				GCC_OPTIMIZATION_LEVEL = 0;
				GCC_PREPROCESSOR_DEFINITIONS = (
					"DEBUG=1",
					"$(inherited)",
				);
				GCC_WARN_64_TO_32_BIT_CONVERSION = YES;
				GCC_WARN_ABOUT_RETURN_TYPE = YES_ERROR;
				GCC_WARN_UNDECLARED_SELECTOR = YES;
				GCC_WARN_UNINITIALIZED_AUTOS = YES_AGGRESSIVE;
				GCC_WARN_UNUSED_FUNCTION = YES;
				GCC_WARN_UNUSED_VARIABLE = YES;
				MACOSX_DEPLOYMENT_TARGET = 10.15;
				MTL_ENABLE_DEBUG_INFO = INCLUDE_SOURCE;
				MTL_FAST_MATH = YES;
				ONLY_ACTIVE_ARCH = YES;
				SDKROOT = macosx;
				SWIFT_ACTIVE_COMPILATION_CONDITIONS = DEBUG;
				SWIFT_OPTIMIZATION_LEVEL = "-Onone";
			};
			name = Debug;
		};
		76DB34D324E5BD3100D8C24C /* Release */ = {
			isa = XCBuildConfiguration;
			buildSettings = {
				ALWAYS_SEARCH_USER_PATHS = NO;
				CLANG_ANALYZER_NONNULL = YES;
				CLANG_ANALYZER_NUMBER_OBJECT_CONVERSION = YES_AGGRESSIVE;
				CLANG_CXX_LANGUAGE_STANDARD = "gnu++14";
				CLANG_CXX_LIBRARY = "libc++";
				CLANG_ENABLE_MODULES = YES;
				CLANG_ENABLE_OBJC_ARC = YES;
				CLANG_ENABLE_OBJC_WEAK = YES;
				CLANG_WARN_BLOCK_CAPTURE_AUTORELEASING = YES;
				CLANG_WARN_BOOL_CONVERSION = YES;
				CLANG_WARN_COMMA = YES;
				CLANG_WARN_CONSTANT_CONVERSION = YES;
				CLANG_WARN_DEPRECATED_OBJC_IMPLEMENTATIONS = YES;
				CLANG_WARN_DIRECT_OBJC_ISA_USAGE = YES_ERROR;
				CLANG_WARN_DOCUMENTATION_COMMENTS = YES;
				CLANG_WARN_EMPTY_BODY = YES;
				CLANG_WARN_ENUM_CONVERSION = YES;
				CLANG_WARN_INFINITE_RECURSION = YES;
				CLANG_WARN_INT_CONVERSION = YES;
				CLANG_WARN_NON_LITERAL_NULL_CONVERSION = YES;
				CLANG_WARN_OBJC_IMPLICIT_RETAIN_SELF = YES;
				CLANG_WARN_OBJC_LITERAL_CONVERSION = YES;
				CLANG_WARN_OBJC_ROOT_CLASS = YES_ERROR;
				CLANG_WARN_RANGE_LOOP_ANALYSIS = YES;
				CLANG_WARN_STRICT_PROTOTYPES = YES;
				CLANG_WARN_SUSPICIOUS_MOVE = YES;
				CLANG_WARN_UNGUARDED_AVAILABILITY = YES_AGGRESSIVE;
				CLANG_WARN_UNREACHABLE_CODE = YES;
				CLANG_WARN__DUPLICATE_METHOD_MATCH = YES;
				COPY_PHASE_STRIP = NO;
				DEBUG_INFORMATION_FORMAT = "dwarf-with-dsym";
				ENABLE_NS_ASSERTIONS = NO;
				ENABLE_STRICT_OBJC_MSGSEND = YES;
				GCC_C_LANGUAGE_STANDARD = gnu11;
				GCC_NO_COMMON_BLOCKS = YES;
				GCC_WARN_64_TO_32_BIT_CONVERSION = YES;
				GCC_WARN_ABOUT_RETURN_TYPE = YES_ERROR;
				GCC_WARN_UNDECLARED_SELECTOR = YES;
				GCC_WARN_UNINITIALIZED_AUTOS = YES_AGGRESSIVE;
				GCC_WARN_UNUSED_FUNCTION = YES;
				GCC_WARN_UNUSED_VARIABLE = YES;
				MACOSX_DEPLOYMENT_TARGET = 10.15;
				MTL_ENABLE_DEBUG_INFO = NO;
				MTL_FAST_MATH = YES;
				SDKROOT = macosx;
				SWIFT_COMPILATION_MODE = wholemodule;
				SWIFT_OPTIMIZATION_LEVEL = "-O";
			};
			name = Release;
		};
		76DB34D524E5BD3100D8C24C /* Debug */ = {
			isa = XCBuildConfiguration;
			buildSettings = {
				ASSETCATALOG_COMPILER_APPICON_NAME = AppIcon;
				CODE_SIGN_ENTITLEMENTS = threeDbrot/threeDbrot.entitlements;
				CODE_SIGN_STYLE = Automatic;
				COMBINE_HIDPI_IMAGES = YES;
				DEVELOPMENT_ASSET_PATHS = "\"threeDbrot/Preview Content\"";
				DEVELOPMENT_TEAM = 8WQNCVAV96;
				ENABLE_HARDENED_RUNTIME = YES;
				ENABLE_PREVIEWS = YES;
				INFOPLIST_FILE = threeDbrot/Info.plist;
				LD_RUNPATH_SEARCH_PATHS = (
					"$(inherited)",
					"@executable_path/../Frameworks",
				);
				MACOSX_DEPLOYMENT_TARGET = 10.15;
				PRODUCT_BUNDLE_IDENTIFIER = ORG.Tunbury.threeDbrot;
				PRODUCT_NAME = "$(TARGET_NAME)";
				SWIFT_VERSION = 5.0;
			};
			name = Debug;
		};
		76DB34D624E5BD3100D8C24C /* Release */ = {
			isa = XCBuildConfiguration;
			buildSettings = {
				ASSETCATALOG_COMPILER_APPICON_NAME = AppIcon;
				CODE_SIGN_ENTITLEMENTS = threeDbrot/threeDbrot.entitlements;
				CODE_SIGN_STYLE = Automatic;
				COMBINE_HIDPI_IMAGES = YES;
				DEVELOPMENT_ASSET_PATHS = "\"threeDbrot/Preview Content\"";
				DEVELOPMENT_TEAM = 8WQNCVAV96;
				ENABLE_HARDENED_RUNTIME = YES;
				ENABLE_PREVIEWS = YES;
				INFOPLIST_FILE = threeDbrot/Info.plist;
				LD_RUNPATH_SEARCH_PATHS = (
					"$(inherited)",
					"@executable_path/../Frameworks",
				);
				MACOSX_DEPLOYMENT_TARGET = 10.15;
				PRODUCT_BUNDLE_IDENTIFIER = ORG.Tunbury.threeDbrot;
				PRODUCT_NAME = "$(TARGET_NAME)";
				SWIFT_VERSION = 5.0;
			};
			name = Release;
		};
/* End XCBuildConfiguration section */

/* Begin XCConfigurationList section */
		76DB34BC24E5BD2F00D8C24C /* Build configuration list for PBXProject "threeDbrot" */ = {
			isa = XCConfigurationList;
			buildConfigurations = (
				76DB34D224E5BD3100D8C24C /* Debug */,
				76DB34D324E5BD3100D8C24C /* Release */,
			);
			defaultConfigurationIsVisible = 0;
			defaultConfigurationName = Release;
		};
		76DB34D424E5BD3100D8C24C /* Build configuration list for PBXNativeTarget "threeDbrot" */ = {
			isa = XCConfigurationList;
			buildConfigurations = (
				76DB34D524E5BD3100D8C24C /* Debug */,
				76DB34D624E5BD3100D8C24C /* Release */,
			);
			defaultConfigurationIsVisible = 0;
			defaultConfigurationName = Release;
		};
/* End XCConfigurationList section */
	};
	rootObject = 76DB34B924E5BD2F00D8C24C /* Project object */;
}
